
Microsoft Visual Studio Solution File, Format Version 12.00
# Visual Studio Version 17
VisualStudioVersion = 17.5.33516.290
MinimumVisualStudioVersion = 10.0.40219.1
Project("{FAE04EC0-301F-11D3-BF4B-00C04F79EFBC}") = "KAIZEN Calculator", "KAIZEN Calculator.csproj", "{944231FB-F45F-46C1-9A27-EAF8F33FB15D}"
EndProject
Global
	GlobalSection(SolutionConfigurationPlatforms) = preSolution
		Debug|Any CPU = Debug|Any CPU
		Release|Any CPU = Release|Any CPU
	EndGlobalSection
	GlobalSection(ProjectConfigurationPlatforms) = postSolution
		{944231FB-F45F-46C1-9A27-EAF8F33FB15D}.Debug|Any CPU.ActiveCfg = Debug|Any CPU
		{944231FB-F45F-46C1-9A27-EAF8F33FB15D}.Debug|Any CPU.Build.0 = Debug|Any CPU
		{944231FB-F45F-46C1-9A27-EAF8F33FB15D}.Release|Any CPU.ActiveCfg = Release|Any CPU
		{944231FB-F45F-46C1-9A27-EAF8F33FB15D}.Release|Any CPU.Build.0 = Release|Any CPU
	EndGlobalSection
	GlobalSection(SolutionProperties) = preSolution
		HideSolutionNode = FALSE
	EndGlobalSection
	GlobalSection(ExtensibilityGlobals) = postSolution
		SolutionGuid = {B539C37D-6BD9-49B4-85B4-FF9B15BCF0E7}
	EndGlobalSection
EndGlobal
